// !$*UTF8*$!
{
	archiveVersion = 1;
	classes = {
	};
	objectVersion = 56;
	objects = {

/* Begin PBXBuildFile section */
		CF9E40212B602D8B001D2C13 /* Marvel_SwiftUIApp.swift in Sources */ = {isa = PBXBuildFile; fileRef = CF9E40202B602D8B001D2C13 /* Marvel_SwiftUIApp.swift */; };
		CF9E40232B602D8B001D2C13 /* ContentView.swift in Sources */ = {isa = PBXBuildFile; fileRef = CF9E40222B602D8B001D2C13 /* ContentView.swift */; };
		CF9E40252B602D8C001D2C13 /* Assets.xcassets in Resources */ = {isa = PBXBuildFile; fileRef = CF9E40242B602D8C001D2C13 /* Assets.xcassets */; };
		CF9E40282B602D8C001D2C13 /* Preview Assets.xcassets in Resources */ = {isa = PBXBuildFile; fileRef = CF9E40272B602D8C001D2C13 /* Preview Assets.xcassets */; };
		CF9E40322B602D8C001D2C13 /* Marvel_SwiftUITests.swift in Sources */ = {isa = PBXBuildFile; fileRef = CF9E40312B602D8C001D2C13 /* Marvel_SwiftUITests.swift */; };
		CF9E403C2B602D8C001D2C13 /* Marvel_SwiftUIUITests.swift in Sources */ = {isa = PBXBuildFile; fileRef = CF9E403B2B602D8C001D2C13 /* Marvel_SwiftUIUITests.swift */; };
		CF9E403E2B602D8C001D2C13 /* Marvel_SwiftUIUITestsLaunchTests.swift in Sources */ = {isa = PBXBuildFile; fileRef = CF9E403D2B602D8C001D2C13 /* Marvel_SwiftUIUITestsLaunchTests.swift */; };
		CF9E40542B603A24001D2C13 /* CharacterModel.swift in Sources */ = {isa = PBXBuildFile; fileRef = CF9E40532B603A24001D2C13 /* CharacterModel.swift */; };
		CF9E40572B603DDA001D2C13 /* CharacterService.swift in Sources */ = {isa = PBXBuildFile; fileRef = CF9E40562B603DDA001D2C13 /* CharacterService.swift */; };
		CF9E405A2B603F4C001D2C13 /* CharactersListViewModel.swift in Sources */ = {isa = PBXBuildFile; fileRef = CF9E40592B603F4C001D2C13 /* CharactersListViewModel.swift */; };
		CFF9B9752C360B6F00C35D93 /* ApiClient.swift in Sources */ = {isa = PBXBuildFile; fileRef = CFF9B96E2C360B6F00C35D93 /* ApiClient.swift */; };
		CFF9B9762C360B6F00C35D93 /* ApiError.swift in Sources */ = {isa = PBXBuildFile; fileRef = CFF9B96F2C360B6F00C35D93 /* ApiError.swift */; };
		CFF9B9772C360B6F00C35D93 /* ApiErrorType.swift in Sources */ = {isa = PBXBuildFile; fileRef = CFF9B9702C360B6F00C35D93 /* ApiErrorType.swift */; };
		CFF9B9782C360B6F00C35D93 /* EndpointProvider.swift in Sources */ = {isa = PBXBuildFile; fileRef = CFF9B9712C360B6F00C35D93 /* EndpointProvider.swift */; };
		CFF9B9792C360B6F00C35D93 /* Mockable.swift in Sources */ = {isa = PBXBuildFile; fileRef = CFF9B9722C360B6F00C35D93 /* Mockable.swift */; };
		CFF9B97A2C360B6F00C35D93 /* RequestMethod.swift in Sources */ = {isa = PBXBuildFile; fileRef = CFF9B9732C360B6F00C35D93 /* RequestMethod.swift */; };
		CFF9B97C2C373D7400C35D93 /* CharacterApi.swift in Sources */ = {isa = PBXBuildFile; fileRef = CFF9B97B2C373D7400C35D93 /* CharacterApi.swift */; };
		CFF9B9812C3740A100C35D93 /* Router.swift in Sources */ = {isa = PBXBuildFile; fileRef = CFF9B97F2C3740A100C35D93 /* Router.swift */; };
		CFF9B9822C3740A100C35D93 /* RouterView.swift in Sources */ = {isa = PBXBuildFile; fileRef = CFF9B9802C3740A100C35D93 /* RouterView.swift */; };
		CFF9B9872C37423100C35D93 /* AsyncResultState.swift in Sources */ = {isa = PBXBuildFile; fileRef = CFF9B9832C37423100C35D93 /* AsyncResultState.swift */; };
		CFF9B9882C37423100C35D93 /* AsyncResultStateView.swift in Sources */ = {isa = PBXBuildFile; fileRef = CFF9B9842C37423100C35D93 /* AsyncResultStateView.swift */; };
		CFF9B98B2C3743F600C35D93 /* CharactersListView.swift in Sources */ = {isa = PBXBuildFile; fileRef = CFF9B98A2C3743F600C35D93 /* CharactersListView.swift */; };
		CFF9B9902C38631700C35D93 /* CharacterDetailViewModel.swift in Sources */ = {isa = PBXBuildFile; fileRef = CFF9B98F2C38631700C35D93 /* CharacterDetailViewModel.swift */; };
		CFF9B9932C38661600C35D93 /* CharacterDetailView.swift in Sources */ = {isa = PBXBuildFile; fileRef = CFF9B9922C38661600C35D93 /* CharacterDetailView.swift */; };
		CFF9B9982C387D0F00C35D93 /* character_detail_response.json in Resources */ = {isa = PBXBuildFile; fileRef = CFF9B9942C387D0F00C35D93 /* character_detail_response.json */; };
		CFF9B9992C387D0F00C35D93 /* character_detail_response.json in Resources */ = {isa = PBXBuildFile; fileRef = CFF9B9942C387D0F00C35D93 /* character_detail_response.json */; };
		CFF9B99A2C387D0F00C35D93 /* characters_list_response.json in Resources */ = {isa = PBXBuildFile; fileRef = CFF9B9952C387D0F00C35D93 /* characters_list_response.json */; };
		CFF9B99B2C387D0F00C35D93 /* characters_list_response.json in Resources */ = {isa = PBXBuildFile; fileRef = CFF9B9952C387D0F00C35D93 /* characters_list_response.json */; };
		CFF9B99D2C3AEB1500C35D93 /* ComicModel.swift in Sources */ = {isa = PBXBuildFile; fileRef = CFF9B99C2C3AEB1500C35D93 /* ComicModel.swift */; };
		CFF9B99E2C3AEB1500C35D93 /* ComicModel.swift in Sources */ = {isa = PBXBuildFile; fileRef = CFF9B99C2C3AEB1500C35D93 /* ComicModel.swift */; };
		CFF9B9A02C3AF09300C35D93 /* character_comics_response.json in Resources */ = {isa = PBXBuildFile; fileRef = CFF9B99F2C3AF09300C35D93 /* character_comics_response.json */; };
		CFF9B9A12C3AF09300C35D93 /* character_comics_response.json in Resources */ = {isa = PBXBuildFile; fileRef = CFF9B99F2C3AF09300C35D93 /* character_comics_response.json */; };
		CFF9B9A42C3B1EE300C35D93 /* Shimmer in Frameworks */ = {isa = PBXBuildFile; productRef = CFF9B9A32C3B1EE300C35D93 /* Shimmer */; };
/* End PBXBuildFile section */

/* Begin PBXContainerItemProxy section */
		CF9E402E2B602D8C001D2C13 /* PBXContainerItemProxy */ = {
			isa = PBXContainerItemProxy;
			containerPortal = CF9E40152B602D8B001D2C13 /* Project object */;
			proxyType = 1;
			remoteGlobalIDString = CF9E401C2B602D8B001D2C13;
			remoteInfo = "Marvel-SwiftUI";
		};
		CF9E40382B602D8C001D2C13 /* PBXContainerItemProxy */ = {
			isa = PBXContainerItemProxy;
			containerPortal = CF9E40152B602D8B001D2C13 /* Project object */;
			proxyType = 1;
			remoteGlobalIDString = CF9E401C2B602D8B001D2C13;
			remoteInfo = "Marvel-SwiftUI";
		};
/* End PBXContainerItemProxy section */

/* Begin PBXFileReference section */
		CF9E401D2B602D8B001D2C13 /* Marvel-SwiftUI.app */ = {isa = PBXFileReference; explicitFileType = wrapper.application; includeInIndex = 0; path = "Marvel-SwiftUI.app"; sourceTree = BUILT_PRODUCTS_DIR; };
		CF9E40202B602D8B001D2C13 /* Marvel_SwiftUIApp.swift */ = {isa = PBXFileReference; lastKnownFileType = sourcecode.swift; path = Marvel_SwiftUIApp.swift; sourceTree = "<group>"; };
		CF9E40222B602D8B001D2C13 /* ContentView.swift */ = {isa = PBXFileReference; lastKnownFileType = sourcecode.swift; path = ContentView.swift; sourceTree = "<group>"; };
		CF9E40242B602D8C001D2C13 /* Assets.xcassets */ = {isa = PBXFileReference; lastKnownFileType = folder.assetcatalog; path = Assets.xcassets; sourceTree = "<group>"; };
		CF9E40272B602D8C001D2C13 /* Preview Assets.xcassets */ = {isa = PBXFileReference; lastKnownFileType = folder.assetcatalog; path = "Preview Assets.xcassets"; sourceTree = "<group>"; };
		CF9E402D2B602D8C001D2C13 /* Marvel-SwiftUITests.xctest */ = {isa = PBXFileReference; explicitFileType = wrapper.cfbundle; includeInIndex = 0; path = "Marvel-SwiftUITests.xctest"; sourceTree = BUILT_PRODUCTS_DIR; };
		CF9E40312B602D8C001D2C13 /* Marvel_SwiftUITests.swift */ = {isa = PBXFileReference; lastKnownFileType = sourcecode.swift; path = Marvel_SwiftUITests.swift; sourceTree = "<group>"; };
		CF9E40372B602D8C001D2C13 /* Marvel-SwiftUIUITests.xctest */ = {isa = PBXFileReference; explicitFileType = wrapper.cfbundle; includeInIndex = 0; path = "Marvel-SwiftUIUITests.xctest"; sourceTree = BUILT_PRODUCTS_DIR; };
		CF9E403B2B602D8C001D2C13 /* Marvel_SwiftUIUITests.swift */ = {isa = PBXFileReference; lastKnownFileType = sourcecode.swift; path = Marvel_SwiftUIUITests.swift; sourceTree = "<group>"; };
		CF9E403D2B602D8C001D2C13 /* Marvel_SwiftUIUITestsLaunchTests.swift */ = {isa = PBXFileReference; lastKnownFileType = sourcecode.swift; path = Marvel_SwiftUIUITestsLaunchTests.swift; sourceTree = "<group>"; };
		CF9E40532B603A24001D2C13 /* CharacterModel.swift */ = {isa = PBXFileReference; lastKnownFileType = sourcecode.swift; path = CharacterModel.swift; sourceTree = "<group>"; };
		CF9E40562B603DDA001D2C13 /* CharacterService.swift */ = {isa = PBXFileReference; lastKnownFileType = sourcecode.swift; path = CharacterService.swift; sourceTree = "<group>"; };
		CF9E40592B603F4C001D2C13 /* CharactersListViewModel.swift */ = {isa = PBXFileReference; lastKnownFileType = sourcecode.swift; path = CharactersListViewModel.swift; sourceTree = "<group>"; };
		CFF9B96E2C360B6F00C35D93 /* ApiClient.swift */ = {isa = PBXFileReference; fileEncoding = 4; lastKnownFileType = sourcecode.swift; path = ApiClient.swift; sourceTree = "<group>"; };
		CFF9B96F2C360B6F00C35D93 /* ApiError.swift */ = {isa = PBXFileReference; fileEncoding = 4; lastKnownFileType = sourcecode.swift; path = ApiError.swift; sourceTree = "<group>"; };
		CFF9B9702C360B6F00C35D93 /* ApiErrorType.swift */ = {isa = PBXFileReference; fileEncoding = 4; lastKnownFileType = sourcecode.swift; path = ApiErrorType.swift; sourceTree = "<group>"; };
		CFF9B9712C360B6F00C35D93 /* EndpointProvider.swift */ = {isa = PBXFileReference; fileEncoding = 4; lastKnownFileType = sourcecode.swift; path = EndpointProvider.swift; sourceTree = "<group>"; };
		CFF9B9722C360B6F00C35D93 /* Mockable.swift */ = {isa = PBXFileReference; fileEncoding = 4; lastKnownFileType = sourcecode.swift; path = Mockable.swift; sourceTree = "<group>"; };
		CFF9B9732C360B6F00C35D93 /* RequestMethod.swift */ = {isa = PBXFileReference; fileEncoding = 4; lastKnownFileType = sourcecode.swift; path = RequestMethod.swift; sourceTree = "<group>"; };
		CFF9B97B2C373D7400C35D93 /* CharacterApi.swift */ = {isa = PBXFileReference; lastKnownFileType = sourcecode.swift; path = CharacterApi.swift; sourceTree = "<group>"; };
		CFF9B97F2C3740A100C35D93 /* Router.swift */ = {isa = PBXFileReference; fileEncoding = 4; lastKnownFileType = sourcecode.swift; path = Router.swift; sourceTree = "<group>"; };
		CFF9B9802C3740A100C35D93 /* RouterView.swift */ = {isa = PBXFileReference; fileEncoding = 4; lastKnownFileType = sourcecode.swift; path = RouterView.swift; sourceTree = "<group>"; };
		CFF9B9832C37423100C35D93 /* AsyncResultState.swift */ = {isa = PBXFileReference; fileEncoding = 4; lastKnownFileType = sourcecode.swift; path = AsyncResultState.swift; sourceTree = "<group>"; };
		CFF9B9842C37423100C35D93 /* AsyncResultStateView.swift */ = {isa = PBXFileReference; fileEncoding = 4; lastKnownFileType = sourcecode.swift; path = AsyncResultStateView.swift; sourceTree = "<group>"; };
		CFF9B98A2C3743F600C35D93 /* CharactersListView.swift */ = {isa = PBXFileReference; lastKnownFileType = sourcecode.swift; path = CharactersListView.swift; sourceTree = "<group>"; };
		CFF9B98C2C37492B00C35D93 /* Info.plist */ = {isa = PBXFileReference; lastKnownFileType = text.plist; path = Info.plist; sourceTree = "<group>"; };
		CFF9B98F2C38631700C35D93 /* CharacterDetailViewModel.swift */ = {isa = PBXFileReference; lastKnownFileType = sourcecode.swift; path = CharacterDetailViewModel.swift; sourceTree = "<group>"; };
		CFF9B9922C38661600C35D93 /* CharacterDetailView.swift */ = {isa = PBXFileReference; lastKnownFileType = sourcecode.swift; path = CharacterDetailView.swift; sourceTree = "<group>"; };
		CFF9B9942C387D0F00C35D93 /* character_detail_response.json */ = {isa = PBXFileReference; fileEncoding = 4; lastKnownFileType = text.json; path = character_detail_response.json; sourceTree = "<group>"; };
		CFF9B9952C387D0F00C35D93 /* characters_list_response.json */ = {isa = PBXFileReference; fileEncoding = 4; lastKnownFileType = text.json; path = characters_list_response.json; sourceTree = "<group>"; };
		CFF9B99C2C3AEB1500C35D93 /* ComicModel.swift */ = {isa = PBXFileReference; lastKnownFileType = sourcecode.swift; path = ComicModel.swift; sourceTree = "<group>"; };
		CFF9B99F2C3AF09300C35D93 /* character_comics_response.json */ = {isa = PBXFileReference; fileEncoding = 4; lastKnownFileType = text.json; path = character_comics_response.json; sourceTree = "<group>"; };
/* End PBXFileReference section */

/* Begin PBXFrameworksBuildPhase section */
		CF9E401A2B602D8B001D2C13 /* Frameworks */ = {
			isa = PBXFrameworksBuildPhase;
			buildActionMask = 2147483647;
			files = (
				CFF9B9A42C3B1EE300C35D93 /* Shimmer in Frameworks */,
			);
			runOnlyForDeploymentPostprocessing = 0;
		};
		CF9E402A2B602D8C001D2C13 /* Frameworks */ = {
			isa = PBXFrameworksBuildPhase;
			buildActionMask = 2147483647;
			files = (
			);
			runOnlyForDeploymentPostprocessing = 0;
		};
		CF9E40342B602D8C001D2C13 /* Frameworks */ = {
			isa = PBXFrameworksBuildPhase;
			buildActionMask = 2147483647;
			files = (
			);
			runOnlyForDeploymentPostprocessing = 0;
		};
/* End PBXFrameworksBuildPhase section */

/* Begin PBXGroup section */
		CF9E40142B602D8B001D2C13 = {
			isa = PBXGroup;
			children = (
				CF9E401F2B602D8B001D2C13 /* Marvel-SwiftUI */,
				CF9E40302B602D8C001D2C13 /* Marvel-SwiftUITests */,
				CF9E403A2B602D8C001D2C13 /* Marvel-SwiftUIUITests */,
				CF9E401E2B602D8B001D2C13 /* Products */,
			);
			sourceTree = "<group>";
		};
		CF9E401E2B602D8B001D2C13 /* Products */ = {
			isa = PBXGroup;
			children = (
				CF9E401D2B602D8B001D2C13 /* Marvel-SwiftUI.app */,
				CF9E402D2B602D8C001D2C13 /* Marvel-SwiftUITests.xctest */,
				CF9E40372B602D8C001D2C13 /* Marvel-SwiftUIUITests.xctest */,
			);
			name = Products;
			sourceTree = "<group>";
		};
		CF9E401F2B602D8B001D2C13 /* Marvel-SwiftUI */ = {
			isa = PBXGroup;
			children = (
				CFF9B98C2C37492B00C35D93 /* Info.plist */,
				CFF9B9972C387D0F00C35D93 /* Resources */,
				CFF9B97D2C37407100C35D93 /* Commons */,
				CF9E40512B6039D0001D2C13 /* Character */,
				CF9E40202B602D8B001D2C13 /* Marvel_SwiftUIApp.swift */,
				CF9E40222B602D8B001D2C13 /* ContentView.swift */,
				CF9E40262B602D8C001D2C13 /* Preview Content */,
			);
			path = "Marvel-SwiftUI";
			sourceTree = "<group>";
		};
		CF9E40262B602D8C001D2C13 /* Preview Content */ = {
			isa = PBXGroup;
			children = (
				CF9E40272B602D8C001D2C13 /* Preview Assets.xcassets */,
			);
			path = "Preview Content";
			sourceTree = "<group>";
		};
		CF9E40302B602D8C001D2C13 /* Marvel-SwiftUITests */ = {
			isa = PBXGroup;
			children = (
				CF9E40312B602D8C001D2C13 /* Marvel_SwiftUITests.swift */,
			);
			path = "Marvel-SwiftUITests";
			sourceTree = "<group>";
		};
		CF9E403A2B602D8C001D2C13 /* Marvel-SwiftUIUITests */ = {
			isa = PBXGroup;
			children = (
				CF9E403B2B602D8C001D2C13 /* Marvel_SwiftUIUITests.swift */,
				CF9E403D2B602D8C001D2C13 /* Marvel_SwiftUIUITestsLaunchTests.swift */,
			);
			path = "Marvel-SwiftUIUITests";
			sourceTree = "<group>";
		};
		CF9E40512B6039D0001D2C13 /* Character */ = {
			isa = PBXGroup;
			children = (
				CFF9B9A52C3B29B100C35D93 /* CharactersList */,
				CFF9B98D2C3862E600C35D93 /* CharacterDetail */,
				CF9E40552B603DC7001D2C13 /* Service */,
				CF9E40522B6039D9001D2C13 /* Model */,
			);
			path = Character;
			sourceTree = "<group>";
		};
		CF9E40522B6039D9001D2C13 /* Model */ = {
			isa = PBXGroup;
			children = (
				CF9E40532B603A24001D2C13 /* CharacterModel.swift */,
				CFF9B99C2C3AEB1500C35D93 /* ComicModel.swift */,
			);
			path = Model;
			sourceTree = "<group>";
		};
		CF9E40552B603DC7001D2C13 /* Service */ = {
			isa = PBXGroup;
			children = (
				CF9E40562B603DDA001D2C13 /* CharacterService.swift */,
				CFF9B97B2C373D7400C35D93 /* CharacterApi.swift */,
			);
			path = Service;
			sourceTree = "<group>";
		};
		CF9E40582B603F39001D2C13 /* ViewModel */ = {
			isa = PBXGroup;
			children = (
				CF9E40592B603F4C001D2C13 /* CharactersListViewModel.swift */,
			);
			path = ViewModel;
			sourceTree = "<group>";
		};
		CFF9B9742C360B6F00C35D93 /* Network */ = {
			isa = PBXGroup;
			children = (
				CFF9B96E2C360B6F00C35D93 /* ApiClient.swift */,
				CFF9B96F2C360B6F00C35D93 /* ApiError.swift */,
				CFF9B9702C360B6F00C35D93 /* ApiErrorType.swift */,
				CFF9B9712C360B6F00C35D93 /* EndpointProvider.swift */,
				CFF9B9722C360B6F00C35D93 /* Mockable.swift */,
				CFF9B9732C360B6F00C35D93 /* RequestMethod.swift */,
			);
			path = Network;
			sourceTree = "<group>";
		};
		CFF9B97D2C37407100C35D93 /* Commons */ = {
			isa = PBXGroup;
			children = (
				CFF9B9742C360B6F00C35D93 /* Network */,
				CFF9B9862C37423100C35D93 /* View */,
				CFF9B97E2C37407900C35D93 /* Router */,
			);
			path = Commons;
			sourceTree = "<group>";
		};
		CFF9B97E2C37407900C35D93 /* Router */ = {
			isa = PBXGroup;
			children = (
				CFF9B97F2C3740A100C35D93 /* Router.swift */,
				CFF9B9802C3740A100C35D93 /* RouterView.swift */,
			);
			path = Router;
			sourceTree = "<group>";
		};
		CFF9B9852C37423100C35D93 /* AsyncResultView */ = {
			isa = PBXGroup;
			children = (
				CFF9B9832C37423100C35D93 /* AsyncResultState.swift */,
				CFF9B9842C37423100C35D93 /* AsyncResultStateView.swift */,
			);
			path = AsyncResultView;
			sourceTree = "<group>";
		};
		CFF9B9862C37423100C35D93 /* View */ = {
			isa = PBXGroup;
			children = (
				CFF9B9852C37423100C35D93 /* AsyncResultView */,
			);
			path = View;
			sourceTree = "<group>";
		};
		CFF9B9892C3743C900C35D93 /* View */ = {
			isa = PBXGroup;
			children = (
				CFF9B98A2C3743F600C35D93 /* CharactersListView.swift */,
			);
			path = View;
			sourceTree = "<group>";
		};
		CFF9B98D2C3862E600C35D93 /* CharacterDetail */ = {
			isa = PBXGroup;
			children = (
				CFF9B9912C38660500C35D93 /* View */,
				CFF9B98E2C3862FD00C35D93 /* ViewModel */,
			);
			path = CharacterDetail;
			sourceTree = "<group>";
		};
		CFF9B98E2C3862FD00C35D93 /* ViewModel */ = {
			isa = PBXGroup;
			children = (
				CFF9B98F2C38631700C35D93 /* CharacterDetailViewModel.swift */,
			);
			path = ViewModel;
			sourceTree = "<group>";
		};
		CFF9B9912C38660500C35D93 /* View */ = {
			isa = PBXGroup;
			children = (
				CFF9B9922C38661600C35D93 /* CharacterDetailView.swift */,
			);
			path = View;
			sourceTree = "<group>";
		};
		CFF9B9962C387D0F00C35D93 /* Responses */ = {
			isa = PBXGroup;
			children = (
				CFF9B99F2C3AF09300C35D93 /* character_comics_response.json */,
				CFF9B9942C387D0F00C35D93 /* character_detail_response.json */,
				CFF9B9952C387D0F00C35D93 /* characters_list_response.json */,
			);
			path = Responses;
			sourceTree = "<group>";
		};
		CFF9B9972C387D0F00C35D93 /* Resources */ = {
			isa = PBXGroup;
			children = (
				CF9E40242B602D8C001D2C13 /* Assets.xcassets */,
				CFF9B9962C387D0F00C35D93 /* Responses */,
			);
			path = Resources;
			sourceTree = "<group>";
		};
		CFF9B9A52C3B29B100C35D93 /* CharactersList */ = {
			isa = PBXGroup;
			children = (
				CFF9B9892C3743C900C35D93 /* View */,
				CF9E40582B603F39001D2C13 /* ViewModel */,
			);
			path = CharactersList;
			sourceTree = "<group>";
		};
/* End PBXGroup section */

/* Begin PBXNativeTarget section */
		CF9E401C2B602D8B001D2C13 /* Marvel-SwiftUI */ = {
			isa = PBXNativeTarget;
			buildConfigurationList = CF9E40412B602D8C001D2C13 /* Build configuration list for PBXNativeTarget "Marvel-SwiftUI" */;
			buildPhases = (
				CF9E40192B602D8B001D2C13 /* Sources */,
				CF9E401A2B602D8B001D2C13 /* Frameworks */,
				CF9E401B2B602D8B001D2C13 /* Resources */,
			);
			buildRules = (
			);
			dependencies = (
			);
			name = "Marvel-SwiftUI";
			packageProductDependencies = (
				CFF9B9A32C3B1EE300C35D93 /* Shimmer */,
			);
			productName = "Marvel-SwiftUI";
			productReference = CF9E401D2B602D8B001D2C13 /* Marvel-SwiftUI.app */;
			productType = "com.apple.product-type.application";
		};
		CF9E402C2B602D8C001D2C13 /* Marvel-SwiftUITests */ = {
			isa = PBXNativeTarget;
			buildConfigurationList = CF9E40442B602D8C001D2C13 /* Build configuration list for PBXNativeTarget "Marvel-SwiftUITests" */;
			buildPhases = (
				CF9E40292B602D8C001D2C13 /* Sources */,
				CF9E402A2B602D8C001D2C13 /* Frameworks */,
				CF9E402B2B602D8C001D2C13 /* Resources */,
			);
			buildRules = (
			);
			dependencies = (
				CF9E402F2B602D8C001D2C13 /* PBXTargetDependency */,
			);
			name = "Marvel-SwiftUITests";
			productName = "Marvel-SwiftUITests";
			productReference = CF9E402D2B602D8C001D2C13 /* Marvel-SwiftUITests.xctest */;
			productType = "com.apple.product-type.bundle.unit-test";
		};
		CF9E40362B602D8C001D2C13 /* Marvel-SwiftUIUITests */ = {
			isa = PBXNativeTarget;
			buildConfigurationList = CF9E40472B602D8C001D2C13 /* Build configuration list for PBXNativeTarget "Marvel-SwiftUIUITests" */;
			buildPhases = (
				CF9E40332B602D8C001D2C13 /* Sources */,
				CF9E40342B602D8C001D2C13 /* Frameworks */,
				CF9E40352B602D8C001D2C13 /* Resources */,
			);
			buildRules = (
			);
			dependencies = (
				CF9E40392B602D8C001D2C13 /* PBXTargetDependency */,
			);
			name = "Marvel-SwiftUIUITests";
			productName = "Marvel-SwiftUIUITests";
			productReference = CF9E40372B602D8C001D2C13 /* Marvel-SwiftUIUITests.xctest */;
			productType = "com.apple.product-type.bundle.ui-testing";
		};
/* End PBXNativeTarget section */

/* Begin PBXProject section */
		CF9E40152B602D8B001D2C13 /* Project object */ = {
			isa = PBXProject;
			attributes = {
				BuildIndependentTargetsInParallel = 1;
				LastSwiftUpdateCheck = 1500;
				LastUpgradeCheck = 1500;
				TargetAttributes = {
					CF9E401C2B602D8B001D2C13 = {
						CreatedOnToolsVersion = 15.0.1;
					};
					CF9E402C2B602D8C001D2C13 = {
						CreatedOnToolsVersion = 15.0.1;
						TestTargetID = CF9E401C2B602D8B001D2C13;
					};
					CF9E40362B602D8C001D2C13 = {
						CreatedOnToolsVersion = 15.0.1;
						TestTargetID = CF9E401C2B602D8B001D2C13;
					};
				};
			};
			buildConfigurationList = CF9E40182B602D8B001D2C13 /* Build configuration list for PBXProject "Marvel-SwiftUI" */;
			compatibilityVersion = "Xcode 14.0";
			developmentRegion = en;
			hasScannedForEncodings = 0;
			knownRegions = (
				en,
				Base,
			);
			mainGroup = CF9E40142B602D8B001D2C13;
			packageReferences = (
				CFF9B9A22C3B1EE300C35D93 /* XCRemoteSwiftPackageReference "SwiftUI-Shimmer" */,
			);
			productRefGroup = CF9E401E2B602D8B001D2C13 /* Products */;
			projectDirPath = "";
			projectRoot = "";
			targets = (
				CF9E401C2B602D8B001D2C13 /* Marvel-SwiftUI */,
				CF9E402C2B602D8C001D2C13 /* Marvel-SwiftUITests */,
				CF9E40362B602D8C001D2C13 /* Marvel-SwiftUIUITests */,
			);
		};
/* End PBXProject section */

/* Begin PBXResourcesBuildPhase section */
		CF9E401B2B602D8B001D2C13 /* Resources */ = {
			isa = PBXResourcesBuildPhase;
			buildActionMask = 2147483647;
			files = (
				CFF9B99A2C387D0F00C35D93 /* characters_list_response.json in Resources */,
				CF9E40282B602D8C001D2C13 /* Preview Assets.xcassets in Resources */,
				CFF9B9A02C3AF09300C35D93 /* character_comics_response.json in Resources */,
				CF9E40252B602D8C001D2C13 /* Assets.xcassets in Resources */,
				CFF9B9982C387D0F00C35D93 /* character_detail_response.json in Resources */,
			);
			runOnlyForDeploymentPostprocessing = 0;
		};
		CF9E402B2B602D8C001D2C13 /* Resources */ = {
			isa = PBXResourcesBuildPhase;
			buildActionMask = 2147483647;
			files = (
				CFF9B9A12C3AF09300C35D93 /* character_comics_response.json in Resources */,
				CFF9B99B2C387D0F00C35D93 /* characters_list_response.json in Resources */,
				CFF9B9992C387D0F00C35D93 /* character_detail_response.json in Resources */,
			);
			runOnlyForDeploymentPostprocessing = 0;
		};
		CF9E40352B602D8C001D2C13 /* Resources */ = {
			isa = PBXResourcesBuildPhase;
			buildActionMask = 2147483647;
			files = (
			);
			runOnlyForDeploymentPostprocessing = 0;
		};
/* End PBXResourcesBuildPhase section */

/* Begin PBXSourcesBuildPhase section */
		CF9E40192B602D8B001D2C13 /* Sources */ = {
			isa = PBXSourcesBuildPhase;
			buildActionMask = 2147483647;
			files = (
				CF9E405A2B603F4C001D2C13 /* CharactersListViewModel.swift in Sources */,
				CFF9B9782C360B6F00C35D93 /* EndpointProvider.swift in Sources */,
				CF9E40572B603DDA001D2C13 /* CharacterService.swift in Sources */,
				CFF9B99D2C3AEB1500C35D93 /* ComicModel.swift in Sources */,
				CFF9B9752C360B6F00C35D93 /* ApiClient.swift in Sources */,
				CFF9B97A2C360B6F00C35D93 /* RequestMethod.swift in Sources */,
				CFF9B9762C360B6F00C35D93 /* ApiError.swift in Sources */,
				CF9E40232B602D8B001D2C13 /* ContentView.swift in Sources */,
				CFF9B9792C360B6F00C35D93 /* Mockable.swift in Sources */,
				CFF9B97C2C373D7400C35D93 /* CharacterApi.swift in Sources */,
				CFF9B9932C38661600C35D93 /* CharacterDetailView.swift in Sources */,
				CFF9B9872C37423100C35D93 /* AsyncResultState.swift in Sources */,
				CFF9B98B2C3743F600C35D93 /* CharactersListView.swift in Sources */,
				CFF9B9822C3740A100C35D93 /* RouterView.swift in Sources */,
				CF9E40212B602D8B001D2C13 /* Marvel_SwiftUIApp.swift in Sources */,
				CFF9B9772C360B6F00C35D93 /* ApiErrorType.swift in Sources */,
				CF9E40542B603A24001D2C13 /* CharacterModel.swift in Sources */,
				CFF9B9902C38631700C35D93 /* CharacterDetailViewModel.swift in Sources */,
				CFF9B9882C37423100C35D93 /* AsyncResultStateView.swift in Sources */,
				CFF9B9812C3740A100C35D93 /* Router.swift in Sources */,
			);
			runOnlyForDeploymentPostprocessing = 0;
		};
		CF9E40292B602D8C001D2C13 /* Sources */ = {
			isa = PBXSourcesBuildPhase;
			buildActionMask = 2147483647;
			files = (
				CF9E40322B602D8C001D2C13 /* Marvel_SwiftUITests.swift in Sources */,
				CFF9B99E2C3AEB1500C35D93 /* ComicModel.swift in Sources */,
			);
			runOnlyForDeploymentPostprocessing = 0;
		};
		CF9E40332B602D8C001D2C13 /* Sources */ = {
			isa = PBXSourcesBuildPhase;
			buildActionMask = 2147483647;
			files = (
				CF9E403C2B602D8C001D2C13 /* Marvel_SwiftUIUITests.swift in Sources */,
				CF9E403E2B602D8C001D2C13 /* Marvel_SwiftUIUITestsLaunchTests.swift in Sources */,
			);
			runOnlyForDeploymentPostprocessing = 0;
		};
/* End PBXSourcesBuildPhase section */

/* Begin PBXTargetDependency section */
		CF9E402F2B602D8C001D2C13 /* PBXTargetDependency */ = {
			isa = PBXTargetDependency;
			target = CF9E401C2B602D8B001D2C13 /* Marvel-SwiftUI */;
			targetProxy = CF9E402E2B602D8C001D2C13 /* PBXContainerItemProxy */;
		};
		CF9E40392B602D8C001D2C13 /* PBXTargetDependency */ = {
			isa = PBXTargetDependency;
			target = CF9E401C2B602D8B001D2C13 /* Marvel-SwiftUI */;
			targetProxy = CF9E40382B602D8C001D2C13 /* PBXContainerItemProxy */;
		};
/* End PBXTargetDependency section */

/* Begin XCBuildConfiguration section */
		CF9E403F2B602D8C001D2C13 /* Debug */ = {
			isa = XCBuildConfiguration;
			buildSettings = {
				ALWAYS_SEARCH_USER_PATHS = NO;
				ASSETCATALOG_COMPILER_GENERATE_SWIFT_ASSET_SYMBOL_EXTENSIONS = YES;
				CLANG_ANALYZER_NONNULL = YES;
				CLANG_ANALYZER_NUMBER_OBJECT_CONVERSION = YES_AGGRESSIVE;
				CLANG_CXX_LANGUAGE_STANDARD = "gnu++20";
				CLANG_ENABLE_MODULES = YES;
				CLANG_ENABLE_OBJC_ARC = YES;
				CLANG_ENABLE_OBJC_WEAK = YES;
				CLANG_WARN_BLOCK_CAPTURE_AUTORELEASING = YES;
				CLANG_WARN_BOOL_CONVERSION = YES;
				CLANG_WARN_COMMA = YES;
				CLANG_WARN_CONSTANT_CONVERSION = YES;
				CLANG_WARN_DEPRECATED_OBJC_IMPLEMENTATIONS = YES;
				CLANG_WARN_DIRECT_OBJC_ISA_USAGE = YES_ERROR;
				CLANG_WARN_DOCUMENTATION_COMMENTS = YES;
				CLANG_WARN_EMPTY_BODY = YES;
				CLANG_WARN_ENUM_CONVERSION = YES;
				CLANG_WARN_INFINITE_RECURSION = YES;
				CLANG_WARN_INT_CONVERSION = YES;
				CLANG_WARN_NON_LITERAL_NULL_CONVERSION = YES;
				CLANG_WARN_OBJC_IMPLICIT_RETAIN_SELF = YES;
				CLANG_WARN_OBJC_LITERAL_CONVERSION = YES;
				CLANG_WARN_OBJC_ROOT_CLASS = YES_ERROR;
				CLANG_WARN_QUOTED_INCLUDE_IN_FRAMEWORK_HEADER = YES;
				CLANG_WARN_RANGE_LOOP_ANALYSIS = YES;
				CLANG_WARN_STRICT_PROTOTYPES = YES;
				CLANG_WARN_SUSPICIOUS_MOVE = YES;
				CLANG_WARN_UNGUARDED_AVAILABILITY = YES_AGGRESSIVE;
				CLANG_WARN_UNREACHABLE_CODE = YES;
				CLANG_WARN__DUPLICATE_METHOD_MATCH = YES;
				COPY_PHASE_STRIP = NO;
				DEBUG_INFORMATION_FORMAT = dwarf;
				ENABLE_STRICT_OBJC_MSGSEND = YES;
				ENABLE_TESTABILITY = YES;
				ENABLE_USER_SCRIPT_SANDBOXING = YES;
				GCC_C_LANGUAGE_STANDARD = gnu17;
				GCC_DYNAMIC_NO_PIC = NO;
				GCC_NO_COMMON_BLOCKS = YES;
				GCC_OPTIMIZATION_LEVEL = 0;
				GCC_PREPROCESSOR_DEFINITIONS = (
					"DEBUG=1",
					"$(inherited)",
				);
				GCC_WARN_64_TO_32_BIT_CONVERSION = YES;
				GCC_WARN_ABOUT_RETURN_TYPE = YES_ERROR;
				GCC_WARN_UNDECLARED_SELECTOR = YES;
				GCC_WARN_UNINITIALIZED_AUTOS = YES_AGGRESSIVE;
				GCC_WARN_UNUSED_FUNCTION = YES;
				GCC_WARN_UNUSED_VARIABLE = YES;
				IPHONEOS_DEPLOYMENT_TARGET = 17.0;
				LOCALIZATION_PREFERS_STRING_CATALOGS = YES;
				MTL_ENABLE_DEBUG_INFO = INCLUDE_SOURCE;
				MTL_FAST_MATH = YES;
				ONLY_ACTIVE_ARCH = YES;
				SDKROOT = iphoneos;
				SWIFT_ACTIVE_COMPILATION_CONDITIONS = "DEBUG $(inherited)";
				SWIFT_OPTIMIZATION_LEVEL = "-Onone";
			};
			name = Debug;
		};
		CF9E40402B602D8C001D2C13 /* Release */ = {
			isa = XCBuildConfiguration;
			buildSettings = {
				ALWAYS_SEARCH_USER_PATHS = NO;
				ASSETCATALOG_COMPILER_GENERATE_SWIFT_ASSET_SYMBOL_EXTENSIONS = YES;
				CLANG_ANALYZER_NONNULL = YES;
				CLANG_ANALYZER_NUMBER_OBJECT_CONVERSION = YES_AGGRESSIVE;
				CLANG_CXX_LANGUAGE_STANDARD = "gnu++20";
				CLANG_ENABLE_MODULES = YES;
				CLANG_ENABLE_OBJC_ARC = YES;
				CLANG_ENABLE_OBJC_WEAK = YES;
				CLANG_WARN_BLOCK_CAPTURE_AUTORELEASING = YES;
				CLANG_WARN_BOOL_CONVERSION = YES;
				CLANG_WARN_COMMA = YES;
				CLANG_WARN_CONSTANT_CONVERSION = YES;
				CLANG_WARN_DEPRECATED_OBJC_IMPLEMENTATIONS = YES;
				CLANG_WARN_DIRECT_OBJC_ISA_USAGE = YES_ERROR;
				CLANG_WARN_DOCUMENTATION_COMMENTS = YES;
				CLANG_WARN_EMPTY_BODY = YES;
				CLANG_WARN_ENUM_CONVERSION = YES;
				CLANG_WARN_INFINITE_RECURSION = YES;
				CLANG_WARN_INT_CONVERSION = YES;
				CLANG_WARN_NON_LITERAL_NULL_CONVERSION = YES;
				CLANG_WARN_OBJC_IMPLICIT_RETAIN_SELF = YES;
				CLANG_WARN_OBJC_LITERAL_CONVERSION = YES;
				CLANG_WARN_OBJC_ROOT_CLASS = YES_ERROR;
				CLANG_WARN_QUOTED_INCLUDE_IN_FRAMEWORK_HEADER = YES;
				CLANG_WARN_RANGE_LOOP_ANALYSIS = YES;
				CLANG_WARN_STRICT_PROTOTYPES = YES;
				CLANG_WARN_SUSPICIOUS_MOVE = YES;
				CLANG_WARN_UNGUARDED_AVAILABILITY = YES_AGGRESSIVE;
				CLANG_WARN_UNREACHABLE_CODE = YES;
				CLANG_WARN__DUPLICATE_METHOD_MATCH = YES;
				COPY_PHASE_STRIP = NO;
				DEBUG_INFORMATION_FORMAT = "dwarf-with-dsym";
				ENABLE_NS_ASSERTIONS = NO;
				ENABLE_STRICT_OBJC_MSGSEND = YES;
				ENABLE_USER_SCRIPT_SANDBOXING = YES;
				GCC_C_LANGUAGE_STANDARD = gnu17;
				GCC_NO_COMMON_BLOCKS = YES;
				GCC_WARN_64_TO_32_BIT_CONVERSION = YES;
				GCC_WARN_ABOUT_RETURN_TYPE = YES_ERROR;
				GCC_WARN_UNDECLARED_SELECTOR = YES;
				GCC_WARN_UNINITIALIZED_AUTOS = YES_AGGRESSIVE;
				GCC_WARN_UNUSED_FUNCTION = YES;
				GCC_WARN_UNUSED_VARIABLE = YES;
				IPHONEOS_DEPLOYMENT_TARGET = 17.0;
				LOCALIZATION_PREFERS_STRING_CATALOGS = YES;
				MTL_ENABLE_DEBUG_INFO = NO;
				MTL_FAST_MATH = YES;
				SDKROOT = iphoneos;
				SWIFT_COMPILATION_MODE = wholemodule;
				VALIDATE_PRODUCT = YES;
			};
			name = Release;
		};
		CF9E40422B602D8C001D2C13 /* Debug */ = {
			isa = XCBuildConfiguration;
			buildSettings = {
				ASSETCATALOG_COMPILER_APPICON_NAME = AppIcon;
				ASSETCATALOG_COMPILER_GLOBAL_ACCENT_COLOR_NAME = AccentColor;
				CODE_SIGN_STYLE = Automatic;
				CURRENT_PROJECT_VERSION = 1;
				DEVELOPMENT_ASSET_PATHS = "\"Marvel-SwiftUI/Preview Content\"";
				DEVELOPMENT_TEAM = 4ZL94F555A;
				ENABLE_PREVIEWS = YES;
				GENERATE_INFOPLIST_FILE = YES;
				INFOPLIST_FILE = "Marvel-SwiftUI/Info.plist";
				INFOPLIST_KEY_UIApplicationSceneManifest_Generation = YES;
				INFOPLIST_KEY_UIApplicationSupportsIndirectInputEvents = YES;
				INFOPLIST_KEY_UILaunchScreen_Generation = YES;
				INFOPLIST_KEY_UISupportedInterfaceOrientations_iPad = "UIInterfaceOrientationPortrait UIInterfaceOrientationPortraitUpsideDown UIInterfaceOrientationLandscapeLeft UIInterfaceOrientationLandscapeRight";
				INFOPLIST_KEY_UISupportedInterfaceOrientations_iPhone = "UIInterfaceOrientationPortrait UIInterfaceOrientationLandscapeLeft UIInterfaceOrientationLandscapeRight";
				LD_RUNPATH_SEARCH_PATHS = (
					"$(inherited)",
					"@executable_path/Frameworks",
				);
				MARKETING_VERSION = 1.0;
				PRODUCT_BUNDLE_IDENTIFIER = "br.com.Marvel-SwiftUI";
				PRODUCT_NAME = "$(TARGET_NAME)";
				SWIFT_EMIT_LOC_STRINGS = YES;
				SWIFT_VERSION = 5.0;
				TARGETED_DEVICE_FAMILY = "1,2";
			};
			name = Debug;
		};
		CF9E40432B602D8C001D2C13 /* Release */ = {
			isa = XCBuildConfiguration;
			buildSettings = {
				ASSETCATALOG_COMPILER_APPICON_NAME = AppIcon;
				ASSETCATALOG_COMPILER_GLOBAL_ACCENT_COLOR_NAME = AccentColor;
				CODE_SIGN_STYLE = Automatic;
				CURRENT_PROJECT_VERSION = 1;
				DEVELOPMENT_ASSET_PATHS = "\"Marvel-SwiftUI/Preview Content\"";
				DEVELOPMENT_TEAM = 4ZL94F555A;
				ENABLE_PREVIEWS = YES;
				GENERATE_INFOPLIST_FILE = YES;
				INFOPLIST_FILE = "Marvel-SwiftUI/Info.plist";
				INFOPLIST_KEY_UIApplicationSceneManifest_Generation = YES;
				INFOPLIST_KEY_UIApplicationSupportsIndirectInputEvents = YES;
				INFOPLIST_KEY_UILaunchScreen_Generation = YES;
				INFOPLIST_KEY_UISupportedInterfaceOrientations_iPad = "UIInterfaceOrientationPortrait UIInterfaceOrientationPortraitUpsideDown UIInterfaceOrientationLandscapeLeft UIInterfaceOrientationLandscapeRight";
				INFOPLIST_KEY_UISupportedInterfaceOrientations_iPhone = "UIInterfaceOrientationPortrait UIInterfaceOrientationLandscapeLeft UIInterfaceOrientationLandscapeRight";
				LD_RUNPATH_SEARCH_PATHS = (
					"$(inherited)",
					"@executable_path/Frameworks",
				);
				MARKETING_VERSION = 1.0;
				PRODUCT_BUNDLE_IDENTIFIER = "br.com.Marvel-SwiftUI";
				PRODUCT_NAME = "$(TARGET_NAME)";
				SWIFT_EMIT_LOC_STRINGS = YES;
				SWIFT_VERSION = 5.0;
				TARGETED_DEVICE_FAMILY = "1,2";
			};
			name = Release;
		};
		CF9E40452B602D8C001D2C13 /* Debug */ = {
			isa = XCBuildConfiguration;
			buildSettings = {
				ALWAYS_EMBED_SWIFT_STANDARD_LIBRARIES = YES;
				BUNDLE_LOADER = "$(TEST_HOST)";
				CODE_SIGN_STYLE = Automatic;
				CURRENT_PROJECT_VERSION = 1;
				DEVELOPMENT_TEAM = 4ZL94F555A;
				GENERATE_INFOPLIST_FILE = YES;
				IPHONEOS_DEPLOYMENT_TARGET = 17.0;
				MARKETING_VERSION = 1.0;
				PRODUCT_BUNDLE_IDENTIFIER = "br.com.Marvel-SwiftUITests";
				PRODUCT_NAME = "$(TARGET_NAME)";
				SWIFT_EMIT_LOC_STRINGS = NO;
				SWIFT_VERSION = 5.0;
				TARGETED_DEVICE_FAMILY = "1,2";
				TEST_HOST = "$(BUILT_PRODUCTS_DIR)/Marvel-SwiftUI.app/$(BUNDLE_EXECUTABLE_FOLDER_PATH)/Marvel-SwiftUI";
			};
			name = Debug;
		};
		CF9E40462B602D8C001D2C13 /* Release */ = {
			isa = XCBuildConfiguration;
			buildSettings = {
				ALWAYS_EMBED_SWIFT_STANDARD_LIBRARIES = YES;
				BUNDLE_LOADER = "$(TEST_HOST)";
				CODE_SIGN_STYLE = Automatic;
				CURRENT_PROJECT_VERSION = 1;
				DEVELOPMENT_TEAM = 4ZL94F555A;
				GENERATE_INFOPLIST_FILE = YES;
				IPHONEOS_DEPLOYMENT_TARGET = 17.0;
				MARKETING_VERSION = 1.0;
				PRODUCT_BUNDLE_IDENTIFIER = "br.com.Marvel-SwiftUITests";
				PRODUCT_NAME = "$(TARGET_NAME)";
				SWIFT_EMIT_LOC_STRINGS = NO;
				SWIFT_VERSION = 5.0;
				TARGETED_DEVICE_FAMILY = "1,2";
				TEST_HOST = "$(BUILT_PRODUCTS_DIR)/Marvel-SwiftUI.app/$(BUNDLE_EXECUTABLE_FOLDER_PATH)/Marvel-SwiftUI";
			};
			name = Release;
		};
		CF9E40482B602D8C001D2C13 /* Debug */ = {
			isa = XCBuildConfiguration;
			buildSettings = {
				ALWAYS_EMBED_SWIFT_STANDARD_LIBRARIES = YES;
				CODE_SIGN_STYLE = Automatic;
				CURRENT_PROJECT_VERSION = 1;
				DEVELOPMENT_TEAM = 4ZL94F555A;
				GENERATE_INFOPLIST_FILE = YES;
				MARKETING_VERSION = 1.0;
				PRODUCT_BUNDLE_IDENTIFIER = "br.com.Marvel-SwiftUIUITests";
				PRODUCT_NAME = "$(TARGET_NAME)";
				SWIFT_EMIT_LOC_STRINGS = NO;
				SWIFT_VERSION = 5.0;
				TARGETED_DEVICE_FAMILY = "1,2";
				TEST_TARGET_NAME = "Marvel-SwiftUI";
			};
			name = Debug;
		};
		CF9E40492B602D8C001D2C13 /* Release */ = {
			isa = XCBuildConfiguration;
			buildSettings = {
				ALWAYS_EMBED_SWIFT_STANDARD_LIBRARIES = YES;
				CODE_SIGN_STYLE = Automatic;
				CURRENT_PROJECT_VERSION = 1;
				DEVELOPMENT_TEAM = 4ZL94F555A;
				GENERATE_INFOPLIST_FILE = YES;
				MARKETING_VERSION = 1.0;
				PRODUCT_BUNDLE_IDENTIFIER = "br.com.Marvel-SwiftUIUITests";
				PRODUCT_NAME = "$(TARGET_NAME)";
				SWIFT_EMIT_LOC_STRINGS = NO;
				SWIFT_VERSION = 5.0;
				TARGETED_DEVICE_FAMILY = "1,2";
				TEST_TARGET_NAME = "Marvel-SwiftUI";
			};
			name = Release;
		};
/* End XCBuildConfiguration section */

/* Begin XCConfigurationList section */
		CF9E40182B602D8B001D2C13 /* Build configuration list for PBXProject "Marvel-SwiftUI" */ = {
			isa = XCConfigurationList;
			buildConfigurations = (
				CF9E403F2B602D8C001D2C13 /* Debug */,
				CF9E40402B602D8C001D2C13 /* Release */,
			);
			defaultConfigurationIsVisible = 0;
			defaultConfigurationName = Release;
		};
		CF9E40412B602D8C001D2C13 /* Build configuration list for PBXNativeTarget "Marvel-SwiftUI" */ = {
			isa = XCConfigurationList;
			buildConfigurations = (
				CF9E40422B602D8C001D2C13 /* Debug */,
				CF9E40432B602D8C001D2C13 /* Release */,
			);
			defaultConfigurationIsVisible = 0;
			defaultConfigurationName = Release;
		};
		CF9E40442B602D8C001D2C13 /* Build configuration list for PBXNativeTarget "Marvel-SwiftUITests" */ = {
			isa = XCConfigurationList;
			buildConfigurations = (
				CF9E40452B602D8C001D2C13 /* Debug */,
				CF9E40462B602D8C001D2C13 /* Release */,
			);
			defaultConfigurationIsVisible = 0;
			defaultConfigurationName = Release;
		};
		CF9E40472B602D8C001D2C13 /* Build configuration list for PBXNativeTarget "Marvel-SwiftUIUITests" */ = {
			isa = XCConfigurationList;
			buildConfigurations = (
				CF9E40482B602D8C001D2C13 /* Debug */,
				CF9E40492B602D8C001D2C13 /* Release */,
			);
			defaultConfigurationIsVisible = 0;
			defaultConfigurationName = Release;
		};
/* End XCConfigurationList section */

/* Begin XCRemoteSwiftPackageReference section */
		CFF9B9A22C3B1EE300C35D93 /* XCRemoteSwiftPackageReference "SwiftUI-Shimmer" */ = {
			isa = XCRemoteSwiftPackageReference;
			repositoryURL = "https://github.com/markiv/SwiftUI-Shimmer";
			requirement = {
				kind = upToNextMajorVersion;
				minimumVersion = 1.5.0;
			};
		};
/* End XCRemoteSwiftPackageReference section */

/* Begin XCSwiftPackageProductDependency section */
		CFF9B9A32C3B1EE300C35D93 /* Shimmer */ = {
			isa = XCSwiftPackageProductDependency;
			package = CFF9B9A22C3B1EE300C35D93 /* XCRemoteSwiftPackageReference "SwiftUI-Shimmer" */;
			productName = Shimmer;
		};
/* End XCSwiftPackageProductDependency section */
	};
	rootObject = CF9E40152B602D8B001D2C13 /* Project object */;
}
